// !$*UTF8*$!
{
	archiveVersion = 1;
	classes = {
	};
	objectVersion = 55;
	objects = {

/* Begin PBXBuildFile section */
		B8132F9E28EEDE4B001A4ADE /* AppDelegate.swift in Sources */ = {isa = PBXBuildFile; fileRef = B8132F9D28EEDE4B001A4ADE /* AppDelegate.swift */; };
		B8132FA028EEDE4B001A4ADE /* SceneDelegate.swift in Sources */ = {isa = PBXBuildFile; fileRef = B8132F9F28EEDE4B001A4ADE /* SceneDelegate.swift */; };
		B8132FA228EEDE4B001A4ADE /* ViewController.swift in Sources */ = {isa = PBXBuildFile; fileRef = B8132FA128EEDE4B001A4ADE /* ViewController.swift */; };
		B8132FA528EEDE4B001A4ADE /* Main.storyboard in Resources */ = {isa = PBXBuildFile; fileRef = B8132FA328EEDE4B001A4ADE /* Main.storyboard */; };
		B8132FA728EEDE4B001A4ADE /* Assets.xcassets in Resources */ = {isa = PBXBuildFile; fileRef = B8132FA628EEDE4B001A4ADE /* Assets.xcassets */; };
		B8132FAA28EEDE4B001A4ADE /* LaunchScreen.storyboard in Resources */ = {isa = PBXBuildFile; fileRef = B8132FA828EEDE4B001A4ADE /* LaunchScreen.storyboard */; };
		B8132FB528EEDE4B001A4ADE /* OddEvenGameTests.swift in Sources */ = {isa = PBXBuildFile; fileRef = B8132FB428EEDE4B001A4ADE /* OddEvenGameTests.swift */; };
		B8132FBF28EEDE4B001A4ADE /* OddEvenGameUITests.swift in Sources */ = {isa = PBXBuildFile; fileRef = B8132FBE28EEDE4B001A4ADE /* OddEvenGameUITests.swift */; };
		B8132FC128EEDE4B001A4ADE /* OddEvenGameUITestsLaunchTests.swift in Sources */ = {isa = PBXBuildFile; fileRef = B8132FC028EEDE4B001A4ADE /* OddEvenGameUITestsLaunchTests.swift */; };
/* End PBXBuildFile section */

/* Begin PBXContainerItemProxy section */
		B8132FB128EEDE4B001A4ADE /* PBXContainerItemProxy */ = {
			isa = PBXContainerItemProxy;
			containerPortal = B8132F9228EEDE4B001A4ADE /* Project object */;
			proxyType = 1;
			remoteGlobalIDString = B8132F9928EEDE4B001A4ADE;
			remoteInfo = OddEvenGame;
		};
		B8132FBB28EEDE4B001A4ADE /* PBXContainerItemProxy */ = {
			isa = PBXContainerItemProxy;
			containerPortal = B8132F9228EEDE4B001A4ADE /* Project object */;
			proxyType = 1;
			remoteGlobalIDString = B8132F9928EEDE4B001A4ADE;
			remoteInfo = OddEvenGame;
		};
/* End PBXContainerItemProxy section */

/* Begin PBXFileReference section */
		B8132F9A28EEDE4B001A4ADE /* OddEvenGame.app */ = {isa = PBXFileReference; explicitFileType = wrapper.application; includeInIndex = 0; path = OddEvenGame.app; sourceTree = BUILT_PRODUCTS_DIR; };
		B8132F9D28EEDE4B001A4ADE /* AppDelegate.swift */ = {isa = PBXFileReference; lastKnownFileType = sourcecode.swift; path = AppDelegate.swift; sourceTree = "<group>"; };
		B8132F9F28EEDE4B001A4ADE /* SceneDelegate.swift */ = {isa = PBXFileReference; lastKnownFileType = sourcecode.swift; path = SceneDelegate.swift; sourceTree = "<group>"; };
		B8132FA128EEDE4B001A4ADE /* ViewController.swift */ = {isa = PBXFileReference; lastKnownFileType = sourcecode.swift; path = ViewController.swift; sourceTree = "<group>"; };
		B8132FA428EEDE4B001A4ADE /* Base */ = {isa = PBXFileReference; lastKnownFileType = file.storyboard; name = Base; path = Base.lproj/Main.storyboard; sourceTree = "<group>"; };
		B8132FA628EEDE4B001A4ADE /* Assets.xcassets */ = {isa = PBXFileReference; lastKnownFileType = folder.assetcatalog; path = Assets.xcassets; sourceTree = "<group>"; };
		B8132FA928EEDE4B001A4ADE /* Base */ = {isa = PBXFileReference; lastKnownFileType = file.storyboard; name = Base; path = Base.lproj/LaunchScreen.storyboard; sourceTree = "<group>"; };
		B8132FAB28EEDE4B001A4ADE /* Info.plist */ = {isa = PBXFileReference; lastKnownFileType = text.plist.xml; path = Info.plist; sourceTree = "<group>"; };
		B8132FB028EEDE4B001A4ADE /* OddEvenGameTests.xctest */ = {isa = PBXFileReference; explicitFileType = wrapper.cfbundle; includeInIndex = 0; path = OddEvenGameTests.xctest; sourceTree = BUILT_PRODUCTS_DIR; };
		B8132FB428EEDE4B001A4ADE /* OddEvenGameTests.swift */ = {isa = PBXFileReference; lastKnownFileType = sourcecode.swift; path = OddEvenGameTests.swift; sourceTree = "<group>"; };
		B8132FBA28EEDE4B001A4ADE /* OddEvenGameUITests.xctest */ = {isa = PBXFileReference; explicitFileType = wrapper.cfbundle; includeInIndex = 0; path = OddEvenGameUITests.xctest; sourceTree = BUILT_PRODUCTS_DIR; };
		B8132FBE28EEDE4B001A4ADE /* OddEvenGameUITests.swift */ = {isa = PBXFileReference; lastKnownFileType = sourcecode.swift; path = OddEvenGameUITests.swift; sourceTree = "<group>"; };
		B8132FC028EEDE4B001A4ADE /* OddEvenGameUITestsLaunchTests.swift */ = {isa = PBXFileReference; lastKnownFileType = sourcecode.swift; path = OddEvenGameUITestsLaunchTests.swift; sourceTree = "<group>"; };
/* End PBXFileReference section */

/* Begin PBXFrameworksBuildPhase section */
		B8132F9728EEDE4B001A4ADE /* Frameworks */ = {
			isa = PBXFrameworksBuildPhase;
			buildActionMask = 2147483647;
			files = (
			);
			runOnlyForDeploymentPostprocessing = 0;
		};
		B8132FAD28EEDE4B001A4ADE /* Frameworks */ = {
			isa = PBXFrameworksBuildPhase;
			buildActionMask = 2147483647;
			files = (
			);
			runOnlyForDeploymentPostprocessing = 0;
		};
		B8132FB728EEDE4B001A4ADE /* Frameworks */ = {
			isa = PBXFrameworksBuildPhase;
			buildActionMask = 2147483647;
			files = (
			);
			runOnlyForDeploymentPostprocessing = 0;
		};
/* End PBXFrameworksBuildPhase section */

/* Begin PBXGroup section */
		B8132F9128EEDE4B001A4ADE = {
			isa = PBXGroup;
			children = (
				B8132F9C28EEDE4B001A4ADE /* OddEvenGame */,
				B8132FB328EEDE4B001A4ADE /* OddEvenGameTests */,
				B8132FBD28EEDE4B001A4ADE /* OddEvenGameUITests */,
				B8132F9B28EEDE4B001A4ADE /* Products */,
			);
			sourceTree = "<group>";
		};
		B8132F9B28EEDE4B001A4ADE /* Products */ = {
			isa = PBXGroup;
			children = (
				B8132F9A28EEDE4B001A4ADE /* OddEvenGame.app */,
				B8132FB028EEDE4B001A4ADE /* OddEvenGameTests.xctest */,
				B8132FBA28EEDE4B001A4ADE /* OddEvenGameUITests.xctest */,
			);
			name = Products;
			sourceTree = "<group>";
		};
		B8132F9C28EEDE4B001A4ADE /* OddEvenGame */ = {
			isa = PBXGroup;
			children = (
				B8132F9D28EEDE4B001A4ADE /* AppDelegate.swift */,
				B8132F9F28EEDE4B001A4ADE /* SceneDelegate.swift */,
				B8132FA128EEDE4B001A4ADE /* ViewController.swift */,
				B8132FA328EEDE4B001A4ADE /* Main.storyboard */,
				B8132FA628EEDE4B001A4ADE /* Assets.xcassets */,
				B8132FA828EEDE4B001A4ADE /* LaunchScreen.storyboard */,
				B8132FAB28EEDE4B001A4ADE /* Info.plist */,
			);
			path = OddEvenGame;
			sourceTree = "<group>";
		};
		B8132FB328EEDE4B001A4ADE /* OddEvenGameTests */ = {
			isa = PBXGroup;
			children = (
				B8132FB428EEDE4B001A4ADE /* OddEvenGameTests.swift */,
			);
			path = OddEvenGameTests;
			sourceTree = "<group>";
		};
		B8132FBD28EEDE4B001A4ADE /* OddEvenGameUITests */ = {
			isa = PBXGroup;
			children = (
				B8132FBE28EEDE4B001A4ADE /* OddEvenGameUITests.swift */,
				B8132FC028EEDE4B001A4ADE /* OddEvenGameUITestsLaunchTests.swift */,
			);
			path = OddEvenGameUITests;
			sourceTree = "<group>";
		};
/* End PBXGroup section */

/* Begin PBXNativeTarget section */
		B8132F9928EEDE4B001A4ADE /* OddEvenGame */ = {
			isa = PBXNativeTarget;
			buildConfigurationList = B8132FC428EEDE4B001A4ADE /* Build configuration list for PBXNativeTarget "OddEvenGame" */;
			buildPhases = (
				B8132F9628EEDE4B001A4ADE /* Sources */,
				B8132F9728EEDE4B001A4ADE /* Frameworks */,
				B8132F9828EEDE4B001A4ADE /* Resources */,
			);
			buildRules = (
			);
			dependencies = (
			);
			name = OddEvenGame;
			productName = OddEvenGame;
			productReference = B8132F9A28EEDE4B001A4ADE /* OddEvenGame.app */;
			productType = "com.apple.product-type.application";
		};
		B8132FAF28EEDE4B001A4ADE /* OddEvenGameTests */ = {
			isa = PBXNativeTarget;
			buildConfigurationList = B8132FC728EEDE4B001A4ADE /* Build configuration list for PBXNativeTarget "OddEvenGameTests" */;
			buildPhases = (
				B8132FAC28EEDE4B001A4ADE /* Sources */,
				B8132FAD28EEDE4B001A4ADE /* Frameworks */,
				B8132FAE28EEDE4B001A4ADE /* Resources */,
			);
			buildRules = (
			);
			dependencies = (
				B8132FB228EEDE4B001A4ADE /* PBXTargetDependency */,
			);
			name = OddEvenGameTests;
			productName = OddEvenGameTests;
			productReference = B8132FB028EEDE4B001A4ADE /* OddEvenGameTests.xctest */;
			productType = "com.apple.product-type.bundle.unit-test";
		};
		B8132FB928EEDE4B001A4ADE /* OddEvenGameUITests */ = {
			isa = PBXNativeTarget;
			buildConfigurationList = B8132FCA28EEDE4B001A4ADE /* Build configuration list for PBXNativeTarget "OddEvenGameUITests" */;
			buildPhases = (
				B8132FB628EEDE4B001A4ADE /* Sources */,
				B8132FB728EEDE4B001A4ADE /* Frameworks */,
				B8132FB828EEDE4B001A4ADE /* Resources */,
			);
			buildRules = (
			);
			dependencies = (
				B8132FBC28EEDE4B001A4ADE /* PBXTargetDependency */,
			);
			name = OddEvenGameUITests;
			productName = OddEvenGameUITests;
			productReference = B8132FBA28EEDE4B001A4ADE /* OddEvenGameUITests.xctest */;
			productType = "com.apple.product-type.bundle.ui-testing";
		};
/* End PBXNativeTarget section */

/* Begin PBXProject section */
		B8132F9228EEDE4B001A4ADE /* Project object */ = {
			isa = PBXProject;
			attributes = {
				BuildIndependentTargetsInParallel = 1;
				LastSwiftUpdateCheck = 1340;
				LastUpgradeCheck = 1340;
				TargetAttributes = {
					B8132F9928EEDE4B001A4ADE = {
						CreatedOnToolsVersion = 13.4.1;
					};
					B8132FAF28EEDE4B001A4ADE = {
						CreatedOnToolsVersion = 13.4.1;
						TestTargetID = B8132F9928EEDE4B001A4ADE;
					};
					B8132FB928EEDE4B001A4ADE = {
						CreatedOnToolsVersion = 13.4.1;
						TestTargetID = B8132F9928EEDE4B001A4ADE;
					};
				};
			};
			buildConfigurationList = B8132F9528EEDE4B001A4ADE /* Build configuration list for PBXProject "OddEvenGame" */;
			compatibilityVersion = "Xcode 13.0";
			developmentRegion = en;
			hasScannedForEncodings = 0;
			knownRegions = (
				en,
				Base,
			);
			mainGroup = B8132F9128EEDE4B001A4ADE;
			productRefGroup = B8132F9B28EEDE4B001A4ADE /* Products */;
			projectDirPath = "";
			projectRoot = "";
			targets = (
				B8132F9928EEDE4B001A4ADE /* OddEvenGame */,
				B8132FAF28EEDE4B001A4ADE /* OddEvenGameTests */,
				B8132FB928EEDE4B001A4ADE /* OddEvenGameUITests */,
			);
		};
/* End PBXProject section */

/* Begin PBXResourcesBuildPhase section */
		B8132F9828EEDE4B001A4ADE /* Resources */ = {
			isa = PBXResourcesBuildPhase;
			buildActionMask = 2147483647;
			files = (
				B8132FAA28EEDE4B001A4ADE /* LaunchScreen.storyboard in Resources */,
				B8132FA728EEDE4B001A4ADE /* Assets.xcassets in Resources */,
				B8132FA528EEDE4B001A4ADE /* Main.storyboard in Resources */,
			);
			runOnlyForDeploymentPostprocessing = 0;
		};
		B8132FAE28EEDE4B001A4ADE /* Resources */ = {
			isa = PBXResourcesBuildPhase;
			buildActionMask = 2147483647;
			files = (
			);
			runOnlyForDeploymentPostprocessing = 0;
		};
		B8132FB828EEDE4B001A4ADE /* Resources */ = {
			isa = PBXResourcesBuildPhase;
			buildActionMask = 2147483647;
			files = (
			);
			runOnlyForDeploymentPostprocessing = 0;
		};
/* End PBXResourcesBuildPhase section */

/* Begin PBXSourcesBuildPhase section */
		B8132F9628EEDE4B001A4ADE /* Sources */ = {
			isa = PBXSourcesBuildPhase;
			buildActionMask = 2147483647;
			files = (
				B8132FA228EEDE4B001A4ADE /* ViewController.swift in Sources */,
				B8132F9E28EEDE4B001A4ADE /* AppDelegate.swift in Sources */,
				B8132FA028EEDE4B001A4ADE /* SceneDelegate.swift in Sources */,
			);
			runOnlyForDeploymentPostprocessing = 0;
		};
		B8132FAC28EEDE4B001A4ADE /* Sources */ = {
			isa = PBXSourcesBuildPhase;
			buildActionMask = 2147483647;
			files = (
				B8132FB528EEDE4B001A4ADE /* OddEvenGameTests.swift in Sources */,
			);
			runOnlyForDeploymentPostprocessing = 0;
		};
		B8132FB628EEDE4B001A4ADE /* Sources */ = {
			isa = PBXSourcesBuildPhase;
			buildActionMask = 2147483647;
			files = (
				B8132FC128EEDE4B001A4ADE /* OddEvenGameUITestsLaunchTests.swift in Sources */,
				B8132FBF28EEDE4B001A4ADE /* OddEvenGameUITests.swift in Sources */,
			);
			runOnlyForDeploymentPostprocessing = 0;
		};
/* End PBXSourcesBuildPhase section */

/* Begin PBXTargetDependency section */
		B8132FB228EEDE4B001A4ADE /* PBXTargetDependency */ = {
			isa = PBXTargetDependency;
			target = B8132F9928EEDE4B001A4ADE /* OddEvenGame */;
			targetProxy = B8132FB128EEDE4B001A4ADE /* PBXContainerItemProxy */;
		};
		B8132FBC28EEDE4B001A4ADE /* PBXTargetDependency */ = {
			isa = PBXTargetDependency;
			target = B8132F9928EEDE4B001A4ADE /* OddEvenGame */;
			targetProxy = B8132FBB28EEDE4B001A4ADE /* PBXContainerItemProxy */;
		};
/* End PBXTargetDependency section */

/* Begin PBXVariantGroup section */
		B8132FA328EEDE4B001A4ADE /* Main.storyboard */ = {
			isa = PBXVariantGroup;
			children = (
				B8132FA428EEDE4B001A4ADE /* Base */,
			);
			name = Main.storyboard;
			sourceTree = "<group>";
		};
		B8132FA828EEDE4B001A4ADE /* LaunchScreen.storyboard */ = {
			isa = PBXVariantGroup;
			children = (
				B8132FA928EEDE4B001A4ADE /* Base */,
			);
			name = LaunchScreen.storyboard;
			sourceTree = "<group>";
		};
/* End PBXVariantGroup section */

/* Begin XCBuildConfiguration section */
		B8132FC228EEDE4B001A4ADE /* Debug */ = {
			isa = XCBuildConfiguration;
			buildSettings = {
				ALWAYS_SEARCH_USER_PATHS = NO;
				CLANG_ANALYZER_NONNULL = YES;
				CLANG_ANALYZER_NUMBER_OBJECT_CONVERSION = YES_AGGRESSIVE;
				CLANG_CXX_LANGUAGE_STANDARD = "gnu++17";
				CLANG_ENABLE_MODULES = YES;
				CLANG_ENABLE_OBJC_ARC = YES;
				CLANG_ENABLE_OBJC_WEAK = YES;
				CLANG_WARN_BLOCK_CAPTURE_AUTORELEASING = YES;
				CLANG_WARN_BOOL_CONVERSION = YES;
				CLANG_WARN_COMMA = YES;
				CLANG_WARN_CONSTANT_CONVERSION = YES;
				CLANG_WARN_DEPRECATED_OBJC_IMPLEMENTATIONS = YES;
				CLANG_WARN_DIRECT_OBJC_ISA_USAGE = YES_ERROR;
				CLANG_WARN_DOCUMENTATION_COMMENTS = YES;
				CLANG_WARN_EMPTY_BODY = YES;
				CLANG_WARN_ENUM_CONVERSION = YES;
				CLANG_WARN_INFINITE_RECURSION = YES;
				CLANG_WARN_INT_CONVERSION = YES;
				CLANG_WARN_NON_LITERAL_NULL_CONVERSION = YES;
				CLANG_WARN_OBJC_IMPLICIT_RETAIN_SELF = YES;
				CLANG_WARN_OBJC_LITERAL_CONVERSION = YES;
				CLANG_WARN_OBJC_ROOT_CLASS = YES_ERROR;
				CLANG_WARN_QUOTED_INCLUDE_IN_FRAMEWORK_HEADER = YES;
				CLANG_WARN_RANGE_LOOP_ANALYSIS = YES;
				CLANG_WARN_STRICT_PROTOTYPES = YES;
				CLANG_WARN_SUSPICIOUS_MOVE = YES;
				CLANG_WARN_UNGUARDED_AVAILABILITY = YES_AGGRESSIVE;
				CLANG_WARN_UNREACHABLE_CODE = YES;
				CLANG_WARN__DUPLICATE_METHOD_MATCH = YES;
				COPY_PHASE_STRIP = NO;
				DEBUG_INFORMATION_FORMAT = dwarf;
				ENABLE_STRICT_OBJC_MSGSEND = YES;
				ENABLE_TESTABILITY = YES;
				GCC_C_LANGUAGE_STANDARD = gnu11;
				GCC_DYNAMIC_NO_PIC = NO;
				GCC_NO_COMMON_BLOCKS = YES;
				GCC_OPTIMIZATION_LEVEL = 0;
				GCC_PREPROCESSOR_DEFINITIONS = (
					"DEBUG=1",
					"$(inherited)",
				);
				GCC_WARN_64_TO_32_BIT_CONVERSION = YES;
				GCC_WARN_ABOUT_RETURN_TYPE = YES_ERROR;
				GCC_WARN_UNDECLARED_SELECTOR = YES;
				GCC_WARN_UNINITIALIZED_AUTOS = YES_AGGRESSIVE;
				GCC_WARN_UNUSED_FUNCTION = YES;
				GCC_WARN_UNUSED_VARIABLE = YES;
				IPHONEOS_DEPLOYMENT_TARGET = 15.5;
				MTL_ENABLE_DEBUG_INFO = INCLUDE_SOURCE;
				MTL_FAST_MATH = YES;
				ONLY_ACTIVE_ARCH = YES;
				SDKROOT = iphoneos;
				SWIFT_ACTIVE_COMPILATION_CONDITIONS = DEBUG;
				SWIFT_OPTIMIZATION_LEVEL = "-Onone";
			};
			name = Debug;
		};
		B8132FC328EEDE4B001A4ADE /* Release */ = {
			isa = XCBuildConfiguration;
			buildSettings = {
				ALWAYS_SEARCH_USER_PATHS = NO;
				CLANG_ANALYZER_NONNULL = YES;
				CLANG_ANALYZER_NUMBER_OBJECT_CONVERSION = YES_AGGRESSIVE;
				CLANG_CXX_LANGUAGE_STANDARD = "gnu++17";
				CLANG_ENABLE_MODULES = YES;
				CLANG_ENABLE_OBJC_ARC = YES;
				CLANG_ENABLE_OBJC_WEAK = YES;
				CLANG_WARN_BLOCK_CAPTURE_AUTORELEASING = YES;
				CLANG_WARN_BOOL_CONVERSION = YES;
				CLANG_WARN_COMMA = YES;
				CLANG_WARN_CONSTANT_CONVERSION = YES;
				CLANG_WARN_DEPRECATED_OBJC_IMPLEMENTATIONS = YES;
				CLANG_WARN_DIRECT_OBJC_ISA_USAGE = YES_ERROR;
				CLANG_WARN_DOCUMENTATION_COMMENTS = YES;
				CLANG_WARN_EMPTY_BODY = YES;
				CLANG_WARN_ENUM_CONVERSION = YES;
				CLANG_WARN_INFINITE_RECURSION = YES;
				CLANG_WARN_INT_CONVERSION = YES;
				CLANG_WARN_NON_LITERAL_NULL_CONVERSION = YES;
				CLANG_WARN_OBJC_IMPLICIT_RETAIN_SELF = YES;
				CLANG_WARN_OBJC_LITERAL_CONVERSION = YES;
				CLANG_WARN_OBJC_ROOT_CLASS = YES_ERROR;
				CLANG_WARN_QUOTED_INCLUDE_IN_FRAMEWORK_HEADER = YES;
				CLANG_WARN_RANGE_LOOP_ANALYSIS = YES;
				CLANG_WARN_STRICT_PROTOTYPES = YES;
				CLANG_WARN_SUSPICIOUS_MOVE = YES;
				CLANG_WARN_UNGUARDED_AVAILABILITY = YES_AGGRESSIVE;
				CLANG_WARN_UNREACHABLE_CODE = YES;
				CLANG_WARN__DUPLICATE_METHOD_MATCH = YES;
				COPY_PHASE_STRIP = NO;
				DEBUG_INFORMATION_FORMAT = "dwarf-with-dsym";
				ENABLE_NS_ASSERTIONS = NO;
				ENABLE_STRICT_OBJC_MSGSEND = YES;
				GCC_C_LANGUAGE_STANDARD = gnu11;
				GCC_NO_COMMON_BLOCKS = YES;
				GCC_WARN_64_TO_32_BIT_CONVERSION = YES;
				GCC_WARN_ABOUT_RETURN_TYPE = YES_ERROR;
				GCC_WARN_UNDECLARED_SELECTOR = YES;
				GCC_WARN_UNINITIALIZED_AUTOS = YES_AGGRESSIVE;
				GCC_WARN_UNUSED_FUNCTION = YES;
				GCC_WARN_UNUSED_VARIABLE = YES;
				IPHONEOS_DEPLOYMENT_TARGET = 15.5;
				MTL_ENABLE_DEBUG_INFO = NO;
				MTL_FAST_MATH = YES;
				SDKROOT = iphoneos;
				SWIFT_COMPILATION_MODE = wholemodule;
				SWIFT_OPTIMIZATION_LEVEL = "-O";
				VALIDATE_PRODUCT = YES;
			};
			name = Release;
		};
		B8132FC528EEDE4B001A4ADE /* Debug */ = {
			isa = XCBuildConfiguration;
			buildSettings = {
				ASSETCATALOG_COMPILER_APPICON_NAME = AppIcon;
				ASSETCATALOG_COMPILER_GLOBAL_ACCENT_COLOR_NAME = AccentColor;
				CODE_SIGN_STYLE = Automatic;
				CURRENT_PROJECT_VERSION = 1;
				GENERATE_INFOPLIST_FILE = YES;
				INFOPLIST_FILE = OddEvenGame/Info.plist;
				INFOPLIST_KEY_UIApplicationSupportsIndirectInputEvents = YES;
				INFOPLIST_KEY_UILaunchStoryboardName = LaunchScreen;
				INFOPLIST_KEY_UIMainStoryboardFile = Main;
				INFOPLIST_KEY_UISupportedInterfaceOrientations_iPad = "UIInterfaceOrientationPortrait UIInterfaceOrientationPortraitUpsideDown UIInterfaceOrientationLandscapeLeft UIInterfaceOrientationLandscapeRight";
				INFOPLIST_KEY_UISupportedInterfaceOrientations_iPhone = "UIInterfaceOrientationPortrait UIInterfaceOrientationLandscapeLeft UIInterfaceOrientationLandscapeRight";
				LD_RUNPATH_SEARCH_PATHS = (
					"$(inherited)",
					"@executable_path/Frameworks",
				);
				MARKETING_VERSION = 1.0;
				PRODUCT_BUNDLE_IDENTIFIER = study.OddEvenGame;
				PRODUCT_NAME = "$(TARGET_NAME)";
				SWIFT_EMIT_LOC_STRINGS = YES;
				SWIFT_VERSION = 5.0;
				TARGETED_DEVICE_FAMILY = "1,2";
			};
			name = Debug;
		};
		B8132FC628EEDE4B001A4ADE /* Release */ = {
			isa = XCBuildConfiguration;
			buildSettings = {
				ASSETCATALOG_COMPILER_APPICON_NAME = AppIcon;
				ASSETCATALOG_COMPILER_GLOBAL_ACCENT_COLOR_NAME = AccentColor;
				CODE_SIGN_STYLE = Automatic;
				CURRENT_PROJECT_VERSION = 1;
				GENERATE_INFOPLIST_FILE = YES;
				INFOPLIST_FILE = OddEvenGame/Info.plist;
				INFOPLIST_KEY_UIApplicationSupportsIndirectInputEvents = YES;
				INFOPLIST_KEY_UILaunchStoryboardName = LaunchScreen;
				INFOPLIST_KEY_UIMainStoryboardFile = Main;
				INFOPLIST_KEY_UISupportedInterfaceOrientations_iPad = "UIInterfaceOrientationPortrait UIInterfaceOrientationPortraitUpsideDown UIInterfaceOrientationLandscapeLeft UIInterfaceOrientationLandscapeRight";
				INFOPLIST_KEY_UISupportedInterfaceOrientations_iPhone = "UIInterfaceOrientationPortrait UIInterfaceOrientationLandscapeLeft UIInterfaceOrientationLandscapeRight";
				LD_RUNPATH_SEARCH_PATHS = (
					"$(inherited)",
					"@executable_path/Frameworks",
				);
				MARKETING_VERSION = 1.0;
				PRODUCT_BUNDLE_IDENTIFIER = study.OddEvenGame;
				PRODUCT_NAME = "$(TARGET_NAME)";
				SWIFT_EMIT_LOC_STRINGS = YES;
				SWIFT_VERSION = 5.0;
				TARGETED_DEVICE_FAMILY = "1,2";
			};
			name = Release;
		};
		B8132FC828EEDE4B001A4ADE /* Debug */ = {
			isa = XCBuildConfiguration;
			buildSettings = {
				ALWAYS_EMBED_SWIFT_STANDARD_LIBRARIES = YES;
				BUNDLE_LOADER = "$(TEST_HOST)";
				CODE_SIGN_STYLE = Automatic;
				CURRENT_PROJECT_VERSION = 1;
				GENERATE_INFOPLIST_FILE = YES;
				IPHONEOS_DEPLOYMENT_TARGET = 15.5;
				MARKETING_VERSION = 1.0;
				PRODUCT_BUNDLE_IDENTIFIER = study.OddEvenGameTests;
				PRODUCT_NAME = "$(TARGET_NAME)";
				SWIFT_EMIT_LOC_STRINGS = NO;
				SWIFT_VERSION = 5.0;
				TARGETED_DEVICE_FAMILY = "1,2";
				TEST_HOST = "$(BUILT_PRODUCTS_DIR)/OddEvenGame.app/OddEvenGame";
			};
			name = Debug;
		};
		B8132FC928EEDE4B001A4ADE /* Release */ = {
			isa = XCBuildConfiguration;
			buildSettings = {
				ALWAYS_EMBED_SWIFT_STANDARD_LIBRARIES = YES;
				BUNDLE_LOADER = "$(TEST_HOST)";
				CODE_SIGN_STYLE = Automatic;
				CURRENT_PROJECT_VERSION = 1;
				GENERATE_INFOPLIST_FILE = YES;
				IPHONEOS_DEPLOYMENT_TARGET = 15.5;
				MARKETING_VERSION = 1.0;
				PRODUCT_BUNDLE_IDENTIFIER = study.OddEvenGameTests;
				PRODUCT_NAME = "$(TARGET_NAME)";
				SWIFT_EMIT_LOC_STRINGS = NO;
				SWIFT_VERSION = 5.0;
				TARGETED_DEVICE_FAMILY = "1,2";
				TEST_HOST = "$(BUILT_PRODUCTS_DIR)/OddEvenGame.app/OddEvenGame";
			};
			name = Release;
		};
		B8132FCB28EEDE4B001A4ADE /* Debug */ = {
			isa = XCBuildConfiguration;
			buildSettings = {
				ALWAYS_EMBED_SWIFT_STANDARD_LIBRARIES = YES;
				CODE_SIGN_STYLE = Automatic;
				CURRENT_PROJECT_VERSION = 1;
				GENERATE_INFOPLIST_FILE = YES;
				MARKETING_VERSION = 1.0;
				PRODUCT_BUNDLE_IDENTIFIER = study.OddEvenGameUITests;
				PRODUCT_NAME = "$(TARGET_NAME)";
				SWIFT_EMIT_LOC_STRINGS = NO;
				SWIFT_VERSION = 5.0;
				TARGETED_DEVICE_FAMILY = "1,2";
				TEST_TARGET_NAME = OddEvenGame;
			};
			name = Debug;
		};
		B8132FCC28EEDE4B001A4ADE /* Release */ = {
			isa = XCBuildConfiguration;
			buildSettings = {
				ALWAYS_EMBED_SWIFT_STANDARD_LIBRARIES = YES;
				CODE_SIGN_STYLE = Automatic;
				CURRENT_PROJECT_VERSION = 1;
				GENERATE_INFOPLIST_FILE = YES;
				MARKETING_VERSION = 1.0;
				PRODUCT_BUNDLE_IDENTIFIER = study.OddEvenGameUITests;
				PRODUCT_NAME = "$(TARGET_NAME)";
				SWIFT_EMIT_LOC_STRINGS = NO;
				SWIFT_VERSION = 5.0;
				TARGETED_DEVICE_FAMILY = "1,2";
				TEST_TARGET_NAME = OddEvenGame;
			};
			name = Release;
		};
/* End XCBuildConfiguration section */

/* Begin XCConfigurationList section */
		B8132F9528EEDE4B001A4ADE /* Build configuration list for PBXProject "OddEvenGame" */ = {
			isa = XCConfigurationList;
			buildConfigurations = (
				B8132FC228EEDE4B001A4ADE /* Debug */,
				B8132FC328EEDE4B001A4ADE /* Release */,
			);
			defaultConfigurationIsVisible = 0;
			defaultConfigurationName = Release;
		};
		B8132FC428EEDE4B001A4ADE /* Build configuration list for PBXNativeTarget "OddEvenGame" */ = {
			isa = XCConfigurationList;
			buildConfigurations = (
				B8132FC528EEDE4B001A4ADE /* Debug */,
				B8132FC628EEDE4B001A4ADE /* Release */,
			);
			defaultConfigurationIsVisible = 0;
			defaultConfigurationName = Release;
		};
		B8132FC728EEDE4B001A4ADE /* Build configuration list for PBXNativeTarget "OddEvenGameTests" */ = {
			isa = XCConfigurationList;
			buildConfigurations = (
				B8132FC828EEDE4B001A4ADE /* Debug */,
				B8132FC928EEDE4B001A4ADE /* Release */,
			);
			defaultConfigurationIsVisible = 0;
			defaultConfigurationName = Release;
		};
		B8132FCA28EEDE4B001A4ADE /* Build configuration list for PBXNativeTarget "OddEvenGameUITests" */ = {
			isa = XCConfigurationList;
			buildConfigurations = (
				B8132FCB28EEDE4B001A4ADE /* Debug */,
				B8132FCC28EEDE4B001A4ADE /* Release */,
			);
			defaultConfigurationIsVisible = 0;
			defaultConfigurationName = Release;
		};
/* End XCConfigurationList section */
	};
	rootObject = B8132F9228EEDE4B001A4ADE /* Project object */;
}
