// !$*UTF8*$!
{
	archiveVersion = 1;
	classes = {
	};
	objectVersion = 55;
	objects = {

/* Begin PBXBuildFile section */
		B8132FDA28EEE4D8001A4ADE /* AppDelegate.swift in Sources */ = {isa = PBXBuildFile; fileRef = B8132FD928EEE4D8001A4ADE /* AppDelegate.swift */; };
		B8132FDC28EEE4D8001A4ADE /* SceneDelegate.swift in Sources */ = {isa = PBXBuildFile; fileRef = B8132FDB28EEE4D8001A4ADE /* SceneDelegate.swift */; };
		B8132FDE28EEE4D8001A4ADE /* ViewController.swift in Sources */ = {isa = PBXBuildFile; fileRef = B8132FDD28EEE4D8001A4ADE /* ViewController.swift */; };
		B8132FE128EEE4D8001A4ADE /* Main.storyboard in Resources */ = {isa = PBXBuildFile; fileRef = B8132FDF28EEE4D8001A4ADE /* Main.storyboard */; };
		B8132FE328EEE4DA001A4ADE /* Assets.xcassets in Resources */ = {isa = PBXBuildFile; fileRef = B8132FE228EEE4DA001A4ADE /* Assets.xcassets */; };
		B8132FE628EEE4DA001A4ADE /* LaunchScreen.storyboard in Resources */ = {isa = PBXBuildFile; fileRef = B8132FE428EEE4DA001A4ADE /* LaunchScreen.storyboard */; };
		B8132FF128EEE4DA001A4ADE /* AutoLayoutTests.swift in Sources */ = {isa = PBXBuildFile; fileRef = B8132FF028EEE4DA001A4ADE /* AutoLayoutTests.swift */; };
		B8132FFB28EEE4DA001A4ADE /* AutoLayoutUITests.swift in Sources */ = {isa = PBXBuildFile; fileRef = B8132FFA28EEE4DA001A4ADE /* AutoLayoutUITests.swift */; };
		B8132FFD28EEE4DA001A4ADE /* AutoLayoutUITestsLaunchTests.swift in Sources */ = {isa = PBXBuildFile; fileRef = B8132FFC28EEE4DA001A4ADE /* AutoLayoutUITestsLaunchTests.swift */; };
/* End PBXBuildFile section */

/* Begin PBXContainerItemProxy section */
		B8132FED28EEE4DA001A4ADE /* PBXContainerItemProxy */ = {
			isa = PBXContainerItemProxy;
			containerPortal = B8132FCE28EEE4D8001A4ADE /* Project object */;
			proxyType = 1;
			remoteGlobalIDString = B8132FD528EEE4D8001A4ADE;
			remoteInfo = AutoLayout;
		};
		B8132FF728EEE4DA001A4ADE /* PBXContainerItemProxy */ = {
			isa = PBXContainerItemProxy;
			containerPortal = B8132FCE28EEE4D8001A4ADE /* Project object */;
			proxyType = 1;
			remoteGlobalIDString = B8132FD528EEE4D8001A4ADE;
			remoteInfo = AutoLayout;
		};
/* End PBXContainerItemProxy section */

/* Begin PBXFileReference section */
		B8132FD628EEE4D8001A4ADE /* AutoLayout.app */ = {isa = PBXFileReference; explicitFileType = wrapper.application; includeInIndex = 0; path = AutoLayout.app; sourceTree = BUILT_PRODUCTS_DIR; };
		B8132FD928EEE4D8001A4ADE /* AppDelegate.swift */ = {isa = PBXFileReference; lastKnownFileType = sourcecode.swift; path = AppDelegate.swift; sourceTree = "<group>"; };
		B8132FDB28EEE4D8001A4ADE /* SceneDelegate.swift */ = {isa = PBXFileReference; lastKnownFileType = sourcecode.swift; path = SceneDelegate.swift; sourceTree = "<group>"; };
		B8132FDD28EEE4D8001A4ADE /* ViewController.swift */ = {isa = PBXFileReference; lastKnownFileType = sourcecode.swift; path = ViewController.swift; sourceTree = "<group>"; };
		B8132FE028EEE4D8001A4ADE /* Base */ = {isa = PBXFileReference; lastKnownFileType = file.storyboard; name = Base; path = Base.lproj/Main.storyboard; sourceTree = "<group>"; };
		B8132FE228EEE4DA001A4ADE /* Assets.xcassets */ = {isa = PBXFileReference; lastKnownFileType = folder.assetcatalog; path = Assets.xcassets; sourceTree = "<group>"; };
		B8132FE528EEE4DA001A4ADE /* Base */ = {isa = PBXFileReference; lastKnownFileType = file.storyboard; name = Base; path = Base.lproj/LaunchScreen.storyboard; sourceTree = "<group>"; };
		B8132FE728EEE4DA001A4ADE /* Info.plist */ = {isa = PBXFileReference; lastKnownFileType = text.plist.xml; path = Info.plist; sourceTree = "<group>"; };
		B8132FEC28EEE4DA001A4ADE /* AutoLayoutTests.xctest */ = {isa = PBXFileReference; explicitFileType = wrapper.cfbundle; includeInIndex = 0; path = AutoLayoutTests.xctest; sourceTree = BUILT_PRODUCTS_DIR; };
		B8132FF028EEE4DA001A4ADE /* AutoLayoutTests.swift */ = {isa = PBXFileReference; lastKnownFileType = sourcecode.swift; path = AutoLayoutTests.swift; sourceTree = "<group>"; };
		B8132FF628EEE4DA001A4ADE /* AutoLayoutUITests.xctest */ = {isa = PBXFileReference; explicitFileType = wrapper.cfbundle; includeInIndex = 0; path = AutoLayoutUITests.xctest; sourceTree = BUILT_PRODUCTS_DIR; };
		B8132FFA28EEE4DA001A4ADE /* AutoLayoutUITests.swift */ = {isa = PBXFileReference; lastKnownFileType = sourcecode.swift; path = AutoLayoutUITests.swift; sourceTree = "<group>"; };
		B8132FFC28EEE4DA001A4ADE /* AutoLayoutUITestsLaunchTests.swift */ = {isa = PBXFileReference; lastKnownFileType = sourcecode.swift; path = AutoLayoutUITestsLaunchTests.swift; sourceTree = "<group>"; };
/* End PBXFileReference section */

/* Begin PBXFrameworksBuildPhase section */
		B8132FD328EEE4D8001A4ADE /* Frameworks */ = {
			isa = PBXFrameworksBuildPhase;
			buildActionMask = 2147483647;
			files = (
			);
			runOnlyForDeploymentPostprocessing = 0;
		};
		B8132FE928EEE4DA001A4ADE /* Frameworks */ = {
			isa = PBXFrameworksBuildPhase;
			buildActionMask = 2147483647;
			files = (
			);
			runOnlyForDeploymentPostprocessing = 0;
		};
		B8132FF328EEE4DA001A4ADE /* Frameworks */ = {
			isa = PBXFrameworksBuildPhase;
			buildActionMask = 2147483647;
			files = (
			);
			runOnlyForDeploymentPostprocessing = 0;
		};
/* End PBXFrameworksBuildPhase section */

/* Begin PBXGroup section */
		B8132FCD28EEE4D8001A4ADE = {
			isa = PBXGroup;
			children = (
				B8132FD828EEE4D8001A4ADE /* AutoLayout */,
				B8132FEF28EEE4DA001A4ADE /* AutoLayoutTests */,
				B8132FF928EEE4DA001A4ADE /* AutoLayoutUITests */,
				B8132FD728EEE4D8001A4ADE /* Products */,
			);
			sourceTree = "<group>";
		};
		B8132FD728EEE4D8001A4ADE /* Products */ = {
			isa = PBXGroup;
			children = (
				B8132FD628EEE4D8001A4ADE /* AutoLayout.app */,
				B8132FEC28EEE4DA001A4ADE /* AutoLayoutTests.xctest */,
				B8132FF628EEE4DA001A4ADE /* AutoLayoutUITests.xctest */,
			);
			name = Products;
			sourceTree = "<group>";
		};
		B8132FD828EEE4D8001A4ADE /* AutoLayout */ = {
			isa = PBXGroup;
			children = (
				B8132FD928EEE4D8001A4ADE /* AppDelegate.swift */,
				B8132FDB28EEE4D8001A4ADE /* SceneDelegate.swift */,
				B8132FDD28EEE4D8001A4ADE /* ViewController.swift */,
				B8132FDF28EEE4D8001A4ADE /* Main.storyboard */,
				B8132FE228EEE4DA001A4ADE /* Assets.xcassets */,
				B8132FE428EEE4DA001A4ADE /* LaunchScreen.storyboard */,
				B8132FE728EEE4DA001A4ADE /* Info.plist */,
			);
			path = AutoLayout;
			sourceTree = "<group>";
		};
		B8132FEF28EEE4DA001A4ADE /* AutoLayoutTests */ = {
			isa = PBXGroup;
			children = (
				B8132FF028EEE4DA001A4ADE /* AutoLayoutTests.swift */,
			);
			path = AutoLayoutTests;
			sourceTree = "<group>";
		};
		B8132FF928EEE4DA001A4ADE /* AutoLayoutUITests */ = {
			isa = PBXGroup;
			children = (
				B8132FFA28EEE4DA001A4ADE /* AutoLayoutUITests.swift */,
				B8132FFC28EEE4DA001A4ADE /* AutoLayoutUITestsLaunchTests.swift */,
			);
			path = AutoLayoutUITests;
			sourceTree = "<group>";
		};
/* End PBXGroup section */

/* Begin PBXNativeTarget section */
		B8132FD528EEE4D8001A4ADE /* AutoLayout */ = {
			isa = PBXNativeTarget;
			buildConfigurationList = B813300028EEE4DA001A4ADE /* Build configuration list for PBXNativeTarget "AutoLayout" */;
			buildPhases = (
				B8132FD228EEE4D8001A4ADE /* Sources */,
				B8132FD328EEE4D8001A4ADE /* Frameworks */,
				B8132FD428EEE4D8001A4ADE /* Resources */,
			);
			buildRules = (
			);
			dependencies = (
			);
			name = AutoLayout;
			productName = AutoLayout;
			productReference = B8132FD628EEE4D8001A4ADE /* AutoLayout.app */;
			productType = "com.apple.product-type.application";
		};
		B8132FEB28EEE4DA001A4ADE /* AutoLayoutTests */ = {
			isa = PBXNativeTarget;
			buildConfigurationList = B813300328EEE4DA001A4ADE /* Build configuration list for PBXNativeTarget "AutoLayoutTests" */;
			buildPhases = (
				B8132FE828EEE4DA001A4ADE /* Sources */,
				B8132FE928EEE4DA001A4ADE /* Frameworks */,
				B8132FEA28EEE4DA001A4ADE /* Resources */,
			);
			buildRules = (
			);
			dependencies = (
				B8132FEE28EEE4DA001A4ADE /* PBXTargetDependency */,
			);
			name = AutoLayoutTests;
			productName = AutoLayoutTests;
			productReference = B8132FEC28EEE4DA001A4ADE /* AutoLayoutTests.xctest */;
			productType = "com.apple.product-type.bundle.unit-test";
		};
		B8132FF528EEE4DA001A4ADE /* AutoLayoutUITests */ = {
			isa = PBXNativeTarget;
			buildConfigurationList = B813300628EEE4DA001A4ADE /* Build configuration list for PBXNativeTarget "AutoLayoutUITests" */;
			buildPhases = (
				B8132FF228EEE4DA001A4ADE /* Sources */,
				B8132FF328EEE4DA001A4ADE /* Frameworks */,
				B8132FF428EEE4DA001A4ADE /* Resources */,
			);
			buildRules = (
			);
			dependencies = (
				B8132FF828EEE4DA001A4ADE /* PBXTargetDependency */,
			);
			name = AutoLayoutUITests;
			productName = AutoLayoutUITests;
			productReference = B8132FF628EEE4DA001A4ADE /* AutoLayoutUITests.xctest */;
			productType = "com.apple.product-type.bundle.ui-testing";
		};
/* End PBXNativeTarget section */

/* Begin PBXProject section */
		B8132FCE28EEE4D8001A4ADE /* Project object */ = {
			isa = PBXProject;
			attributes = {
				BuildIndependentTargetsInParallel = 1;
				LastSwiftUpdateCheck = 1340;
				LastUpgradeCheck = 1340;
				TargetAttributes = {
					B8132FD528EEE4D8001A4ADE = {
						CreatedOnToolsVersion = 13.4.1;
					};
					B8132FEB28EEE4DA001A4ADE = {
						CreatedOnToolsVersion = 13.4.1;
						TestTargetID = B8132FD528EEE4D8001A4ADE;
					};
					B8132FF528EEE4DA001A4ADE = {
						CreatedOnToolsVersion = 13.4.1;
						TestTargetID = B8132FD528EEE4D8001A4ADE;
					};
				};
			};
			buildConfigurationList = B8132FD128EEE4D8001A4ADE /* Build configuration list for PBXProject "AutoLayout" */;
			compatibilityVersion = "Xcode 13.0";
			developmentRegion = en;
			hasScannedForEncodings = 0;
			knownRegions = (
				en,
				Base,
			);
			mainGroup = B8132FCD28EEE4D8001A4ADE;
			productRefGroup = B8132FD728EEE4D8001A4ADE /* Products */;
			projectDirPath = "";
			projectRoot = "";
			targets = (
				B8132FD528EEE4D8001A4ADE /* AutoLayout */,
				B8132FEB28EEE4DA001A4ADE /* AutoLayoutTests */,
				B8132FF528EEE4DA001A4ADE /* AutoLayoutUITests */,
			);
		};
/* End PBXProject section */

/* Begin PBXResourcesBuildPhase section */
		B8132FD428EEE4D8001A4ADE /* Resources */ = {
			isa = PBXResourcesBuildPhase;
			buildActionMask = 2147483647;
			files = (
				B8132FE628EEE4DA001A4ADE /* LaunchScreen.storyboard in Resources */,
				B8132FE328EEE4DA001A4ADE /* Assets.xcassets in Resources */,
				B8132FE128EEE4D8001A4ADE /* Main.storyboard in Resources */,
			);
			runOnlyForDeploymentPostprocessing = 0;
		};
		B8132FEA28EEE4DA001A4ADE /* Resources */ = {
			isa = PBXResourcesBuildPhase;
			buildActionMask = 2147483647;
			files = (
			);
			runOnlyForDeploymentPostprocessing = 0;
		};
		B8132FF428EEE4DA001A4ADE /* Resources */ = {
			isa = PBXResourcesBuildPhase;
			buildActionMask = 2147483647;
			files = (
			);
			runOnlyForDeploymentPostprocessing = 0;
		};
/* End PBXResourcesBuildPhase section */

/* Begin PBXSourcesBuildPhase section */
		B8132FD228EEE4D8001A4ADE /* Sources */ = {
			isa = PBXSourcesBuildPhase;
			buildActionMask = 2147483647;
			files = (
				B8132FDE28EEE4D8001A4ADE /* ViewController.swift in Sources */,
				B8132FDA28EEE4D8001A4ADE /* AppDelegate.swift in Sources */,
				B8132FDC28EEE4D8001A4ADE /* SceneDelegate.swift in Sources */,
			);
			runOnlyForDeploymentPostprocessing = 0;
		};
		B8132FE828EEE4DA001A4ADE /* Sources */ = {
			isa = PBXSourcesBuildPhase;
			buildActionMask = 2147483647;
			files = (
				B8132FF128EEE4DA001A4ADE /* AutoLayoutTests.swift in Sources */,
			);
			runOnlyForDeploymentPostprocessing = 0;
		};
		B8132FF228EEE4DA001A4ADE /* Sources */ = {
			isa = PBXSourcesBuildPhase;
			buildActionMask = 2147483647;
			files = (
				B8132FFB28EEE4DA001A4ADE /* AutoLayoutUITests.swift in Sources */,
				B8132FFD28EEE4DA001A4ADE /* AutoLayoutUITestsLaunchTests.swift in Sources */,
			);
			runOnlyForDeploymentPostprocessing = 0;
		};
/* End PBXSourcesBuildPhase section */

/* Begin PBXTargetDependency section */
		B8132FEE28EEE4DA001A4ADE /* PBXTargetDependency */ = {
			isa = PBXTargetDependency;
			target = B8132FD528EEE4D8001A4ADE /* AutoLayout */;
			targetProxy = B8132FED28EEE4DA001A4ADE /* PBXContainerItemProxy */;
		};
		B8132FF828EEE4DA001A4ADE /* PBXTargetDependency */ = {
			isa = PBXTargetDependency;
			target = B8132FD528EEE4D8001A4ADE /* AutoLayout */;
			targetProxy = B8132FF728EEE4DA001A4ADE /* PBXContainerItemProxy */;
		};
/* End PBXTargetDependency section */

/* Begin PBXVariantGroup section */
		B8132FDF28EEE4D8001A4ADE /* Main.storyboard */ = {
			isa = PBXVariantGroup;
			children = (
				B8132FE028EEE4D8001A4ADE /* Base */,
			);
			name = Main.storyboard;
			sourceTree = "<group>";
		};
		B8132FE428EEE4DA001A4ADE /* LaunchScreen.storyboard */ = {
			isa = PBXVariantGroup;
			children = (
				B8132FE528EEE4DA001A4ADE /* Base */,
			);
			name = LaunchScreen.storyboard;
			sourceTree = "<group>";
		};
/* End PBXVariantGroup section */

/* Begin XCBuildConfiguration section */
		B8132FFE28EEE4DA001A4ADE /* Debug */ = {
			isa = XCBuildConfiguration;
			buildSettings = {
				ALWAYS_SEARCH_USER_PATHS = NO;
				CLANG_ANALYZER_NONNULL = YES;
				CLANG_ANALYZER_NUMBER_OBJECT_CONVERSION = YES_AGGRESSIVE;
				CLANG_CXX_LANGUAGE_STANDARD = "gnu++17";
				CLANG_ENABLE_MODULES = YES;
				CLANG_ENABLE_OBJC_ARC = YES;
				CLANG_ENABLE_OBJC_WEAK = YES;
				CLANG_WARN_BLOCK_CAPTURE_AUTORELEASING = YES;
				CLANG_WARN_BOOL_CONVERSION = YES;
				CLANG_WARN_COMMA = YES;
				CLANG_WARN_CONSTANT_CONVERSION = YES;
				CLANG_WARN_DEPRECATED_OBJC_IMPLEMENTATIONS = YES;
				CLANG_WARN_DIRECT_OBJC_ISA_USAGE = YES_ERROR;
				CLANG_WARN_DOCUMENTATION_COMMENTS = YES;
				CLANG_WARN_EMPTY_BODY = YES;
				CLANG_WARN_ENUM_CONVERSION = YES;
				CLANG_WARN_INFINITE_RECURSION = YES;
				CLANG_WARN_INT_CONVERSION = YES;
				CLANG_WARN_NON_LITERAL_NULL_CONVERSION = YES;
				CLANG_WARN_OBJC_IMPLICIT_RETAIN_SELF = YES;
				CLANG_WARN_OBJC_LITERAL_CONVERSION = YES;
				CLANG_WARN_OBJC_ROOT_CLASS = YES_ERROR;
				CLANG_WARN_QUOTED_INCLUDE_IN_FRAMEWORK_HEADER = YES;
				CLANG_WARN_RANGE_LOOP_ANALYSIS = YES;
				CLANG_WARN_STRICT_PROTOTYPES = YES;
				CLANG_WARN_SUSPICIOUS_MOVE = YES;
				CLANG_WARN_UNGUARDED_AVAILABILITY = YES_AGGRESSIVE;
				CLANG_WARN_UNREACHABLE_CODE = YES;
				CLANG_WARN__DUPLICATE_METHOD_MATCH = YES;
				COPY_PHASE_STRIP = NO;
				DEBUG_INFORMATION_FORMAT = dwarf;
				ENABLE_STRICT_OBJC_MSGSEND = YES;
				ENABLE_TESTABILITY = YES;
				GCC_C_LANGUAGE_STANDARD = gnu11;
				GCC_DYNAMIC_NO_PIC = NO;
				GCC_NO_COMMON_BLOCKS = YES;
				GCC_OPTIMIZATION_LEVEL = 0;
				GCC_PREPROCESSOR_DEFINITIONS = (
					"DEBUG=1",
					"$(inherited)",
				);
				GCC_WARN_64_TO_32_BIT_CONVERSION = YES;
				GCC_WARN_ABOUT_RETURN_TYPE = YES_ERROR;
				GCC_WARN_UNDECLARED_SELECTOR = YES;
				GCC_WARN_UNINITIALIZED_AUTOS = YES_AGGRESSIVE;
				GCC_WARN_UNUSED_FUNCTION = YES;
				GCC_WARN_UNUSED_VARIABLE = YES;
				IPHONEOS_DEPLOYMENT_TARGET = 15.5;
				MTL_ENABLE_DEBUG_INFO = INCLUDE_SOURCE;
				MTL_FAST_MATH = YES;
				ONLY_ACTIVE_ARCH = YES;
				SDKROOT = iphoneos;
				SWIFT_ACTIVE_COMPILATION_CONDITIONS = DEBUG;
				SWIFT_OPTIMIZATION_LEVEL = "-Onone";
			};
			name = Debug;
		};
		B8132FFF28EEE4DA001A4ADE /* Release */ = {
			isa = XCBuildConfiguration;
			buildSettings = {
				ALWAYS_SEARCH_USER_PATHS = NO;
				CLANG_ANALYZER_NONNULL = YES;
				CLANG_ANALYZER_NUMBER_OBJECT_CONVERSION = YES_AGGRESSIVE;
				CLANG_CXX_LANGUAGE_STANDARD = "gnu++17";
				CLANG_ENABLE_MODULES = YES;
				CLANG_ENABLE_OBJC_ARC = YES;
				CLANG_ENABLE_OBJC_WEAK = YES;
				CLANG_WARN_BLOCK_CAPTURE_AUTORELEASING = YES;
				CLANG_WARN_BOOL_CONVERSION = YES;
				CLANG_WARN_COMMA = YES;
				CLANG_WARN_CONSTANT_CONVERSION = YES;
				CLANG_WARN_DEPRECATED_OBJC_IMPLEMENTATIONS = YES;
				CLANG_WARN_DIRECT_OBJC_ISA_USAGE = YES_ERROR;
				CLANG_WARN_DOCUMENTATION_COMMENTS = YES;
				CLANG_WARN_EMPTY_BODY = YES;
				CLANG_WARN_ENUM_CONVERSION = YES;
				CLANG_WARN_INFINITE_RECURSION = YES;
				CLANG_WARN_INT_CONVERSION = YES;
				CLANG_WARN_NON_LITERAL_NULL_CONVERSION = YES;
				CLANG_WARN_OBJC_IMPLICIT_RETAIN_SELF = YES;
				CLANG_WARN_OBJC_LITERAL_CONVERSION = YES;
				CLANG_WARN_OBJC_ROOT_CLASS = YES_ERROR;
				CLANG_WARN_QUOTED_INCLUDE_IN_FRAMEWORK_HEADER = YES;
				CLANG_WARN_RANGE_LOOP_ANALYSIS = YES;
				CLANG_WARN_STRICT_PROTOTYPES = YES;
				CLANG_WARN_SUSPICIOUS_MOVE = YES;
				CLANG_WARN_UNGUARDED_AVAILABILITY = YES_AGGRESSIVE;
				CLANG_WARN_UNREACHABLE_CODE = YES;
				CLANG_WARN__DUPLICATE_METHOD_MATCH = YES;
				COPY_PHASE_STRIP = NO;
				DEBUG_INFORMATION_FORMAT = "dwarf-with-dsym";
				ENABLE_NS_ASSERTIONS = NO;
				ENABLE_STRICT_OBJC_MSGSEND = YES;
				GCC_C_LANGUAGE_STANDARD = gnu11;
				GCC_NO_COMMON_BLOCKS = YES;
				GCC_WARN_64_TO_32_BIT_CONVERSION = YES;
				GCC_WARN_ABOUT_RETURN_TYPE = YES_ERROR;
				GCC_WARN_UNDECLARED_SELECTOR = YES;
				GCC_WARN_UNINITIALIZED_AUTOS = YES_AGGRESSIVE;
				GCC_WARN_UNUSED_FUNCTION = YES;
				GCC_WARN_UNUSED_VARIABLE = YES;
				IPHONEOS_DEPLOYMENT_TARGET = 15.5;
				MTL_ENABLE_DEBUG_INFO = NO;
				MTL_FAST_MATH = YES;
				SDKROOT = iphoneos;
				SWIFT_COMPILATION_MODE = wholemodule;
				SWIFT_OPTIMIZATION_LEVEL = "-O";
				VALIDATE_PRODUCT = YES;
			};
			name = Release;
		};
		B813300128EEE4DA001A4ADE /* Debug */ = {
			isa = XCBuildConfiguration;
			buildSettings = {
				ASSETCATALOG_COMPILER_APPICON_NAME = AppIcon;
				ASSETCATALOG_COMPILER_GLOBAL_ACCENT_COLOR_NAME = AccentColor;
				CODE_SIGN_STYLE = Automatic;
				CURRENT_PROJECT_VERSION = 1;
				GENERATE_INFOPLIST_FILE = YES;
				INFOPLIST_FILE = AutoLayout/Info.plist;
				INFOPLIST_KEY_UIApplicationSupportsIndirectInputEvents = YES;
				INFOPLIST_KEY_UILaunchStoryboardName = LaunchScreen;
				INFOPLIST_KEY_UIMainStoryboardFile = Main;
				INFOPLIST_KEY_UISupportedInterfaceOrientations_iPad = "UIInterfaceOrientationPortrait UIInterfaceOrientationPortraitUpsideDown UIInterfaceOrientationLandscapeLeft UIInterfaceOrientationLandscapeRight";
				INFOPLIST_KEY_UISupportedInterfaceOrientations_iPhone = "UIInterfaceOrientationPortrait UIInterfaceOrientationLandscapeLeft UIInterfaceOrientationLandscapeRight";
				LD_RUNPATH_SEARCH_PATHS = (
					"$(inherited)",
					"@executable_path/Frameworks",
				);
				MARKETING_VERSION = 1.0;
				PRODUCT_BUNDLE_IDENTIFIER = study.AutoLayout;
				PRODUCT_NAME = "$(TARGET_NAME)";
				SWIFT_EMIT_LOC_STRINGS = YES;
				SWIFT_VERSION = 5.0;
				TARGETED_DEVICE_FAMILY = "1,2";
			};
			name = Debug;
		};
		B813300228EEE4DA001A4ADE /* Release */ = {
			isa = XCBuildConfiguration;
			buildSettings = {
				ASSETCATALOG_COMPILER_APPICON_NAME = AppIcon;
				ASSETCATALOG_COMPILER_GLOBAL_ACCENT_COLOR_NAME = AccentColor;
				CODE_SIGN_STYLE = Automatic;
				CURRENT_PROJECT_VERSION = 1;
				GENERATE_INFOPLIST_FILE = YES;
				INFOPLIST_FILE = AutoLayout/Info.plist;
				INFOPLIST_KEY_UIApplicationSupportsIndirectInputEvents = YES;
				INFOPLIST_KEY_UILaunchStoryboardName = LaunchScreen;
				INFOPLIST_KEY_UIMainStoryboardFile = Main;
				INFOPLIST_KEY_UISupportedInterfaceOrientations_iPad = "UIInterfaceOrientationPortrait UIInterfaceOrientationPortraitUpsideDown UIInterfaceOrientationLandscapeLeft UIInterfaceOrientationLandscapeRight";
				INFOPLIST_KEY_UISupportedInterfaceOrientations_iPhone = "UIInterfaceOrientationPortrait UIInterfaceOrientationLandscapeLeft UIInterfaceOrientationLandscapeRight";
				LD_RUNPATH_SEARCH_PATHS = (
					"$(inherited)",
					"@executable_path/Frameworks",
				);
				MARKETING_VERSION = 1.0;
				PRODUCT_BUNDLE_IDENTIFIER = study.AutoLayout;
				PRODUCT_NAME = "$(TARGET_NAME)";
				SWIFT_EMIT_LOC_STRINGS = YES;
				SWIFT_VERSION = 5.0;
				TARGETED_DEVICE_FAMILY = "1,2";
			};
			name = Release;
		};
		B813300428EEE4DA001A4ADE /* Debug */ = {
			isa = XCBuildConfiguration;
			buildSettings = {
				ALWAYS_EMBED_SWIFT_STANDARD_LIBRARIES = YES;
				BUNDLE_LOADER = "$(TEST_HOST)";
				CODE_SIGN_STYLE = Automatic;
				CURRENT_PROJECT_VERSION = 1;
				GENERATE_INFOPLIST_FILE = YES;
				IPHONEOS_DEPLOYMENT_TARGET = 15.5;
				MARKETING_VERSION = 1.0;
				PRODUCT_BUNDLE_IDENTIFIER = study.AutoLayoutTests;
				PRODUCT_NAME = "$(TARGET_NAME)";
				SWIFT_EMIT_LOC_STRINGS = NO;
				SWIFT_VERSION = 5.0;
				TARGETED_DEVICE_FAMILY = "1,2";
				TEST_HOST = "$(BUILT_PRODUCTS_DIR)/AutoLayout.app/AutoLayout";
			};
			name = Debug;
		};
		B813300528EEE4DA001A4ADE /* Release */ = {
			isa = XCBuildConfiguration;
			buildSettings = {
				ALWAYS_EMBED_SWIFT_STANDARD_LIBRARIES = YES;
				BUNDLE_LOADER = "$(TEST_HOST)";
				CODE_SIGN_STYLE = Automatic;
				CURRENT_PROJECT_VERSION = 1;
				GENERATE_INFOPLIST_FILE = YES;
				IPHONEOS_DEPLOYMENT_TARGET = 15.5;
				MARKETING_VERSION = 1.0;
				PRODUCT_BUNDLE_IDENTIFIER = study.AutoLayoutTests;
				PRODUCT_NAME = "$(TARGET_NAME)";
				SWIFT_EMIT_LOC_STRINGS = NO;
				SWIFT_VERSION = 5.0;
				TARGETED_DEVICE_FAMILY = "1,2";
				TEST_HOST = "$(BUILT_PRODUCTS_DIR)/AutoLayout.app/AutoLayout";
			};
			name = Release;
		};
		B813300728EEE4DA001A4ADE /* Debug */ = {
			isa = XCBuildConfiguration;
			buildSettings = {
				ALWAYS_EMBED_SWIFT_STANDARD_LIBRARIES = YES;
				CODE_SIGN_STYLE = Automatic;
				CURRENT_PROJECT_VERSION = 1;
				GENERATE_INFOPLIST_FILE = YES;
				MARKETING_VERSION = 1.0;
				PRODUCT_BUNDLE_IDENTIFIER = study.AutoLayoutUITests;
				PRODUCT_NAME = "$(TARGET_NAME)";
				SWIFT_EMIT_LOC_STRINGS = NO;
				SWIFT_VERSION = 5.0;
				TARGETED_DEVICE_FAMILY = "1,2";
				TEST_TARGET_NAME = AutoLayout;
			};
			name = Debug;
		};
		B813300828EEE4DA001A4ADE /* Release */ = {
			isa = XCBuildConfiguration;
			buildSettings = {
				ALWAYS_EMBED_SWIFT_STANDARD_LIBRARIES = YES;
				CODE_SIGN_STYLE = Automatic;
				CURRENT_PROJECT_VERSION = 1;
				GENERATE_INFOPLIST_FILE = YES;
				MARKETING_VERSION = 1.0;
				PRODUCT_BUNDLE_IDENTIFIER = study.AutoLayoutUITests;
				PRODUCT_NAME = "$(TARGET_NAME)";
				SWIFT_EMIT_LOC_STRINGS = NO;
				SWIFT_VERSION = 5.0;
				TARGETED_DEVICE_FAMILY = "1,2";
				TEST_TARGET_NAME = AutoLayout;
			};
			name = Release;
		};
/* End XCBuildConfiguration section */

/* Begin XCConfigurationList section */
		B8132FD128EEE4D8001A4ADE /* Build configuration list for PBXProject "AutoLayout" */ = {
			isa = XCConfigurationList;
			buildConfigurations = (
				B8132FFE28EEE4DA001A4ADE /* Debug */,
				B8132FFF28EEE4DA001A4ADE /* Release */,
			);
			defaultConfigurationIsVisible = 0;
			defaultConfigurationName = Release;
		};
		B813300028EEE4DA001A4ADE /* Build configuration list for PBXNativeTarget "AutoLayout" */ = {
			isa = XCConfigurationList;
			buildConfigurations = (
				B813300128EEE4DA001A4ADE /* Debug */,
				B813300228EEE4DA001A4ADE /* Release */,
			);
			defaultConfigurationIsVisible = 0;
			defaultConfigurationName = Release;
		};
		B813300328EEE4DA001A4ADE /* Build configuration list for PBXNativeTarget "AutoLayoutTests" */ = {
			isa = XCConfigurationList;
			buildConfigurations = (
				B813300428EEE4DA001A4ADE /* Debug */,
				B813300528EEE4DA001A4ADE /* Release */,
			);
			defaultConfigurationIsVisible = 0;
			defaultConfigurationName = Release;
		};
		B813300628EEE4DA001A4ADE /* Build configuration list for PBXNativeTarget "AutoLayoutUITests" */ = {
			isa = XCConfigurationList;
			buildConfigurations = (
				B813300728EEE4DA001A4ADE /* Debug */,
				B813300828EEE4DA001A4ADE /* Release */,
			);
			defaultConfigurationIsVisible = 0;
			defaultConfigurationName = Release;
		};
/* End XCConfigurationList section */
	};
	rootObject = B8132FCE28EEE4D8001A4ADE /* Project object */;
}
